
Microsoft Visual Studio Solution File, Format Version 12.00
# Visual Studio 15
VisualStudioVersion = 15.0.26124.0
MinimumVisualStudioVersion = 15.0.26124.0
Project("{FAE04EC0-301F-11D3-BF4B-00C04F79EFBC}") = "MongoDotNet.Api", "MongoDotNet.Api\MongoDotNet.Api.csproj", "{344B1A32-2FD0-498F-9729-34AE491B357C}"
EndProject
Project("{FAE04EC0-301F-11D3-BF4B-00C04F79EFBC}") = "MongoDotNet.Core", "MongoDotNet.Core\MongoDotNet.Core.csproj", "{CA14EFE6-FEEF-48A1-985F-5B0DA9AF50F1}"
EndProject
Project("{FAE04EC0-301F-11D3-BF4B-00C04F79EFBC}") = "MongoDotNet.Repository", "MongoDotNet.Repository\MongoDotNet.Repository.csproj", "{B502B92A-DB32-42C7-8440-141910906605}"
EndProject
Project("{FAE04EC0-301F-11D3-BF4B-00C04F79EFBC}") = "MongoDotNet.Services", "MongoDotNet.Services\MongoDotNet.Services.csproj", "{A195F12D-359F-482F-9A54-251BAF73041A}"
EndProject
Global
	GlobalSection(SolutionConfigurationPlatforms) = preSolution
		Debug|Any CPU = Debug|Any CPU
		Debug|x64 = Debug|x64
		Debug|x86 = Debug|x86
		Release|Any CPU = Release|Any CPU
		Release|x64 = Release|x64
		Release|x86 = Release|x86
	EndGlobalSection
	GlobalSection(SolutionProperties) = preSolution
		HideSolutionNode = FALSE
	EndGlobalSection
	GlobalSection(ProjectConfigurationPlatforms) = postSolution
		{344B1A32-2FD0-498F-9729-34AE491B357C}.Debug|Any CPU.ActiveCfg = Debug|Any CPU
		{344B1A32-2FD0-498F-9729-34AE491B357C}.Debug|Any CPU.Build.0 = Debug|Any CPU
		{344B1A32-2FD0-498F-9729-34AE491B357C}.Debug|x64.ActiveCfg = Debug|Any CPU
		{344B1A32-2FD0-498F-9729-34AE491B357C}.Debug|x64.Build.0 = Debug|Any CPU
		{344B1A32-2FD0-498F-9729-34AE491B357C}.Debug|x86.ActiveCfg = Debug|Any CPU
		{344B1A32-2FD0-498F-9729-34AE491B357C}.Debug|x86.Build.0 = Debug|Any CPU
		{344B1A32-2FD0-498F-9729-34AE491B357C}.Release|Any CPU.ActiveCfg = Release|Any CPU
		{344B1A32-2FD0-498F-9729-34AE491B357C}.Release|Any CPU.Build.0 = Release|Any CPU
		{344B1A32-2FD0-498F-9729-34AE491B357C}.Release|x64.ActiveCfg = Release|Any CPU
		{344B1A32-2FD0-498F-9729-34AE491B357C}.Release|x64.Build.0 = Release|Any CPU
		{344B1A32-2FD0-498F-9729-34AE491B357C}.Release|x86.ActiveCfg = Release|Any CPU
		{344B1A32-2FD0-498F-9729-34AE491B357C}.Release|x86.Build.0 = Release|Any CPU
		{CA14EFE6-FEEF-48A1-985F-5B0DA9AF50F1}.Debug|Any CPU.ActiveCfg = Debug|Any CPU
		{CA14EFE6-FEEF-48A1-985F-5B0DA9AF50F1}.Debug|Any CPU.Build.0 = Debug|Any CPU
		{CA14EFE6-FEEF-48A1-985F-5B0DA9AF50F1}.Debug|x64.ActiveCfg = Debug|Any CPU
		{CA14EFE6-FEEF-48A1-985F-5B0DA9AF50F1}.Debug|x64.Build.0 = Debug|Any CPU
		{CA14EFE6-FEEF-48A1-985F-5B0DA9AF50F1}.Debug|x86.ActiveCfg = Debug|Any CPU
		{CA14EFE6-FEEF-48A1-985F-5B0DA9AF50F1}.Debug|x86.Build.0 = Debug|Any CPU
		{CA14EFE6-FEEF-48A1-985F-5B0DA9AF50F1}.Release|Any CPU.ActiveCfg = Release|Any CPU
		{CA14EFE6-FEEF-48A1-985F-5B0DA9AF50F1}.Release|Any CPU.Build.0 = Release|Any CPU
		{CA14EFE6-FEEF-48A1-985F-5B0DA9AF50F1}.Release|x64.ActiveCfg = Release|Any CPU
		{CA14EFE6-FEEF-48A1-985F-5B0DA9AF50F1}.Release|x64.Build.0 = Release|Any CPU
		{CA14EFE6-FEEF-48A1-985F-5B0DA9AF50F1}.Release|x86.ActiveCfg = Release|Any CPU
		{CA14EFE6-FEEF-48A1-985F-5B0DA9AF50F1}.Release|x86.Build.0 = Release|Any CPU
		{B502B92A-DB32-42C7-8440-141910906605}.Debug|Any CPU.ActiveCfg = Debug|Any CPU
		{B502B92A-DB32-42C7-8440-141910906605}.Debug|Any CPU.Build.0 = Debug|Any CPU
		{B502B92A-DB32-42C7-8440-141910906605}.Debug|x64.ActiveCfg = Debug|Any CPU
		{B502B92A-DB32-42C7-8440-141910906605}.Debug|x64.Build.0 = Debug|Any CPU
		{B502B92A-DB32-42C7-8440-141910906605}.Debug|x86.ActiveCfg = Debug|Any CPU
		{B502B92A-DB32-42C7-8440-141910906605}.Debug|x86.Build.0 = Debug|Any CPU
		{B502B92A-DB32-42C7-8440-141910906605}.Release|Any CPU.ActiveCfg = Release|Any CPU
		{B502B92A-DB32-42C7-8440-141910906605}.Release|Any CPU.Build.0 = Release|Any CPU
		{B502B92A-DB32-42C7-8440-141910906605}.Release|x64.ActiveCfg = Release|Any CPU
		{B502B92A-DB32-42C7-8440-141910906605}.Release|x64.Build.0 = Release|Any CPU
		{B502B92A-DB32-42C7-8440-141910906605}.Release|x86.ActiveCfg = Release|Any CPU
		{B502B92A-DB32-42C7-8440-141910906605}.Release|x86.Build.0 = Release|Any CPU
		{A195F12D-359F-482F-9A54-251BAF73041A}.Debug|Any CPU.ActiveCfg = Debug|Any CPU
		{A195F12D-359F-482F-9A54-251BAF73041A}.Debug|Any CPU.Build.0 = Debug|Any CPU
		{A195F12D-359F-482F-9A54-251BAF73041A}.Debug|x64.ActiveCfg = Debug|Any CPU
		{A195F12D-359F-482F-9A54-251BAF73041A}.Debug|x64.Build.0 = Debug|Any CPU
		{A195F12D-359F-482F-9A54-251BAF73041A}.Debug|x86.ActiveCfg = Debug|Any CPU
		{A195F12D-359F-482F-9A54-251BAF73041A}.Debug|x86.Build.0 = Debug|Any CPU
		{A195F12D-359F-482F-9A54-251BAF73041A}.Release|Any CPU.ActiveCfg = Release|Any CPU
		{A195F12D-359F-482F-9A54-251BAF73041A}.Release|Any CPU.Build.0 = Release|Any CPU
		{A195F12D-359F-482F-9A54-251BAF73041A}.Release|x64.ActiveCfg = Release|Any CPU
		{A195F12D-359F-482F-9A54-251BAF73041A}.Release|x64.Build.0 = Release|Any CPU
		{A195F12D-359F-482F-9A54-251BAF73041A}.Release|x86.ActiveCfg = Release|Any CPU
		{A195F12D-359F-482F-9A54-251BAF73041A}.Release|x86.Build.0 = Release|Any CPU
	EndGlobalSection
EndGlobal
